// !$*UTF8*$!
{
	archiveVersion = 1;
	classes = {
	};
	objectVersion = 46;
	objects = {

/* Begin PBXBuildFile section */
		7D149CBD1D8D74090061AFB4 /* main.m in Sources */ = {isa = PBXBuildFile; fileRef = 7D149CBC1D8D74090061AFB4 /* main.m */; };
		7D149CC01D8D74090061AFB4 /* AppDelegate.m in Sources */ = {isa = PBXBuildFile; fileRef = 7D149CBF1D8D74090061AFB4 /* AppDelegate.m */; };
		7D149CC31D8D74090061AFB4 /* ViewController.m in Sources */ = {isa = PBXBuildFile; fileRef = 7D149CC21D8D74090061AFB4 /* ViewController.m */; };
		7D149CC61D8D74090061AFB4 /* Main.storyboard in Resources */ = {isa = PBXBuildFile; fileRef = 7D149CC41D8D74090061AFB4 /* Main.storyboard */; };
		7D149CC81D8D74090061AFB4 /* Assets.xcassets in Resources */ = {isa = PBXBuildFile; fileRef = 7D149CC71D8D74090061AFB4 /* Assets.xcassets */; };
		7D149CCB1D8D74090061AFB4 /* LaunchScreen.storyboard in Resources */ = {isa = PBXBuildFile; fileRef = 7D149CC91D8D74090061AFB4 /* LaunchScreen.storyboard */; };
		7D149CD61D8D740A0061AFB4 /* ______Tests.m in Sources */ = {isa = PBXBuildFile; fileRef = 7D149CD51D8D740A0061AFB4 /* ______Tests.m */; };
		7D149CE11D8D740A0061AFB4 /* ______UITests.m in Sources */ = {isa = PBXBuildFile; fileRef = 7D149CE01D8D740A0061AFB4 /* ______UITests.m */; };
/* End PBXBuildFile section */

/* Begin PBXContainerItemProxy section */
		7D149CD21D8D740A0061AFB4 /* PBXContainerItemProxy */ = {
			isa = PBXContainerItemProxy;
			containerPortal = 7D149CB01D8D74090061AFB4 /* Project object */;
			proxyType = 1;
			remoteGlobalIDString = 7D149CB71D8D74090061AFB4;
			remoteInfo = "果壳（高仿）";
		};
		7D149CDD1D8D740A0061AFB4 /* PBXContainerItemProxy */ = {
			isa = PBXContainerItemProxy;
			containerPortal = 7D149CB01D8D74090061AFB4 /* Project object */;
			proxyType = 1;
			remoteGlobalIDString = 7D149CB71D8D74090061AFB4;
			remoteInfo = "果壳（高仿）";
		};
/* End PBXContainerItemProxy section */

/* Begin PBXFileReference section */
		7D149CB81D8D74090061AFB4 /* 果壳（高仿）.app */ = {isa = PBXFileReference; explicitFileType = wrapper.application; includeInIndex = 0; path = "果壳（高仿）.app"; sourceTree = BUILT_PRODUCTS_DIR; };
		7D149CBC1D8D74090061AFB4 /* main.m */ = {isa = PBXFileReference; lastKnownFileType = sourcecode.c.objc; path = main.m; sourceTree = "<group>"; };
		7D149CBE1D8D74090061AFB4 /* AppDelegate.h */ = {isa = PBXFileReference; lastKnownFileType = sourcecode.c.h; path = AppDelegate.h; sourceTree = "<group>"; };
		7D149CBF1D8D74090061AFB4 /* AppDelegate.m */ = {isa = PBXFileReference; lastKnownFileType = sourcecode.c.objc; path = AppDelegate.m; sourceTree = "<group>"; };
		7D149CC11D8D74090061AFB4 /* ViewController.h */ = {isa = PBXFileReference; lastKnownFileType = sourcecode.c.h; path = ViewController.h; sourceTree = "<group>"; };
		7D149CC21D8D74090061AFB4 /* ViewController.m */ = {isa = PBXFileReference; lastKnownFileType = sourcecode.c.objc; path = ViewController.m; sourceTree = "<group>"; };
		7D149CC51D8D74090061AFB4 /* Base */ = {isa = PBXFileReference; lastKnownFileType = file.storyboard; name = Base; path = Base.lproj/Main.storyboard; sourceTree = "<group>"; };
		7D149CC71D8D74090061AFB4 /* Assets.xcassets */ = {isa = PBXFileReference; lastKnownFileType = folder.assetcatalog; path = Assets.xcassets; sourceTree = "<group>"; };
		7D149CCA1D8D74090061AFB4 /* Base */ = {isa = PBXFileReference; lastKnownFileType = file.storyboard; name = Base; path = Base.lproj/LaunchScreen.storyboard; sourceTree = "<group>"; };
		7D149CCC1D8D74090061AFB4 /* Info.plist */ = {isa = PBXFileReference; lastKnownFileType = text.plist.xml; path = Info.plist; sourceTree = "<group>"; };
		7D149CD11D8D740A0061AFB4 /* 果壳（高仿）Tests.xctest */ = {isa = PBXFileReference; explicitFileType = wrapper.cfbundle; includeInIndex = 0; path = "果壳（高仿）Tests.xctest"; sourceTree = BUILT_PRODUCTS_DIR; };
		7D149CD51D8D740A0061AFB4 /* ______Tests.m */ = {isa = PBXFileReference; lastKnownFileType = sourcecode.c.objc; path = "______Tests.m"; sourceTree = "<group>"; };
		7D149CD71D8D740A0061AFB4 /* Info.plist */ = {isa = PBXFileReference; lastKnownFileType = text.plist.xml; path = Info.plist; sourceTree = "<group>"; };
		7D149CDC1D8D740A0061AFB4 /* 果壳（高仿）UITests.xctest */ = {isa = PBXFileReference; explicitFileType = wrapper.cfbundle; includeInIndex = 0; path = "果壳（高仿）UITests.xctest"; sourceTree = BUILT_PRODUCTS_DIR; };
		7D149CE01D8D740A0061AFB4 /* ______UITests.m */ = {isa = PBXFileReference; lastKnownFileType = sourcecode.c.objc; path = "______UITests.m"; sourceTree = "<group>"; };
		7D149CE21D8D740A0061AFB4 /* Info.plist */ = {isa = PBXFileReference; lastKnownFileType = text.plist.xml; path = Info.plist; sourceTree = "<group>"; };
/* End PBXFileReference section */

/* Begin PBXFrameworksBuildPhase section */
		7D149CB51D8D74090061AFB4 /* Frameworks */ = {
			isa = PBXFrameworksBuildPhase;
			buildActionMask = 2147483647;
			files = (
			);
			runOnlyForDeploymentPostprocessing = 0;
		};
		7D149CCE1D8D740A0061AFB4 /* Frameworks */ = {
			isa = PBXFrameworksBuildPhase;
			buildActionMask = 2147483647;
			files = (
			);
			runOnlyForDeploymentPostprocessing = 0;
		};
		7D149CD91D8D740A0061AFB4 /* Frameworks */ = {
			isa = PBXFrameworksBuildPhase;
			buildActionMask = 2147483647;
			files = (
			);
			runOnlyForDeploymentPostprocessing = 0;
		};
/* End PBXFrameworksBuildPhase section */

/* Begin PBXGroup section */
		7D149CAF1D8D74090061AFB4 = {
			isa = PBXGroup;
			children = (
				7D149CBA1D8D74090061AFB4 /* 果壳（高仿） */,
				7D149CD41D8D740A0061AFB4 /* 果壳（高仿）Tests */,
				7D149CDF1D8D740A0061AFB4 /* 果壳（高仿）UITests */,
				7D149CB91D8D74090061AFB4 /* Products */,
			);
			sourceTree = "<group>";
		};
		7D149CB91D8D74090061AFB4 /* Products */ = {
			isa = PBXGroup;
			children = (
				7D149CB81D8D74090061AFB4 /* 果壳（高仿）.app */,
				7D149CD11D8D740A0061AFB4 /* 果壳（高仿）Tests.xctest */,
				7D149CDC1D8D740A0061AFB4 /* 果壳（高仿）UITests.xctest */,
			);
			name = Products;
			sourceTree = "<group>";
		};
		7D149CBA1D8D74090061AFB4 /* 果壳（高仿） */ = {
			isa = PBXGroup;
			children = (
				7D149CBE1D8D74090061AFB4 /* AppDelegate.h */,
				7D149CBF1D8D74090061AFB4 /* AppDelegate.m */,
				7D149CC11D8D74090061AFB4 /* ViewController.h */,
				7D149CC21D8D74090061AFB4 /* ViewController.m */,
				7D149CC41D8D74090061AFB4 /* Main.storyboard */,
				7D149CC71D8D74090061AFB4 /* Assets.xcassets */,
				7D149CC91D8D74090061AFB4 /* LaunchScreen.storyboard */,
				7D149CCC1D8D74090061AFB4 /* Info.plist */,
				7D149CBB1D8D74090061AFB4 /* Supporting Files */,
			);
			path = "果壳（高仿）";
			sourceTree = "<group>";
		};
		7D149CBB1D8D74090061AFB4 /* Supporting Files */ = {
			isa = PBXGroup;
			children = (
				7D149CBC1D8D74090061AFB4 /* main.m */,
			);
			name = "Supporting Files";
			sourceTree = "<group>";
		};
		7D149CD41D8D740A0061AFB4 /* 果壳（高仿）Tests */ = {
			isa = PBXGroup;
			children = (
				7D149CD51D8D740A0061AFB4 /* ______Tests.m */,
				7D149CD71D8D740A0061AFB4 /* Info.plist */,
			);
			path = "果壳（高仿）Tests";
			sourceTree = "<group>";
		};
		7D149CDF1D8D740A0061AFB4 /* 果壳（高仿）UITests */ = {
			isa = PBXGroup;
			children = (
				7D149CE01D8D740A0061AFB4 /* ______UITests.m */,
				7D149CE21D8D740A0061AFB4 /* Info.plist */,
			);
			path = "果壳（高仿）UITests";
			sourceTree = "<group>";
		};
/* End PBXGroup section */

/* Begin PBXNativeTarget section */
		7D149CB71D8D74090061AFB4 /* 果壳（高仿） */ = {
			isa = PBXNativeTarget;
			buildConfigurationList = 7D149CE51D8D740A0061AFB4 /* Build configuration list for PBXNativeTarget "果壳（高仿）" */;
			buildPhases = (
				7D149CB41D8D74090061AFB4 /* Sources */,
				7D149CB51D8D74090061AFB4 /* Frameworks */,
				7D149CB61D8D74090061AFB4 /* Resources */,
			);
			buildRules = (
			);
			dependencies = (
			);
			name = "果壳（高仿）";
			productName = "果壳（高仿）";
			productReference = 7D149CB81D8D74090061AFB4 /* 果壳（高仿）.app */;
			productType = "com.apple.product-type.application";
		};
		7D149CD01D8D740A0061AFB4 /* 果壳（高仿）Tests */ = {
			isa = PBXNativeTarget;
			buildConfigurationList = 7D149CE81D8D740A0061AFB4 /* Build configuration list for PBXNativeTarget "果壳（高仿）Tests" */;
			buildPhases = (
				7D149CCD1D8D740A0061AFB4 /* Sources */,
				7D149CCE1D8D740A0061AFB4 /* Frameworks */,
				7D149CCF1D8D740A0061AFB4 /* Resources */,
			);
			buildRules = (
			);
			dependencies = (
				7D149CD31D8D740A0061AFB4 /* PBXTargetDependency */,
			);
			name = "果壳（高仿）Tests";
			productName = "果壳（高仿）Tests";
			productReference = 7D149CD11D8D740A0061AFB4 /* 果壳（高仿）Tests.xctest */;
			productType = "com.apple.product-type.bundle.unit-test";
		};
		7D149CDB1D8D740A0061AFB4 /* 果壳（高仿）UITests */ = {
			isa = PBXNativeTarget;
			buildConfigurationList = 7D149CEB1D8D740A0061AFB4 /* Build configuration list for PBXNativeTarget "果壳（高仿）UITests" */;
			buildPhases = (
				7D149CD81D8D740A0061AFB4 /* Sources */,
				7D149CD91D8D740A0061AFB4 /* Frameworks */,
				7D149CDA1D8D740A0061AFB4 /* Resources */,
			);
			buildRules = (
			);
			dependencies = (
				7D149CDE1D8D740A0061AFB4 /* PBXTargetDependency */,
			);
			name = "果壳（高仿）UITests";
			productName = "果壳（高仿）UITests";
			productReference = 7D149CDC1D8D740A0061AFB4 /* 果壳（高仿）UITests.xctest */;
			productType = "com.apple.product-type.bundle.ui-testing";
		};
/* End PBXNativeTarget section */

/* Begin PBXProject section */
		7D149CB01D8D74090061AFB4 /* Project object */ = {
			isa = PBXProject;
			attributes = {
				LastUpgradeCheck = 0800;
				ORGANIZATIONNAME = "张碧辉";
				TargetAttributes = {
					7D149CB71D8D74090061AFB4 = {
						CreatedOnToolsVersion = 8.0;
						ProvisioningStyle = Automatic;
					};
					7D149CD01D8D740A0061AFB4 = {
						CreatedOnToolsVersion = 8.0;
						ProvisioningStyle = Automatic;
						TestTargetID = 7D149CB71D8D74090061AFB4;
					};
					7D149CDB1D8D740A0061AFB4 = {
						CreatedOnToolsVersion = 8.0;
						ProvisioningStyle = Automatic;
						TestTargetID = 7D149CB71D8D74090061AFB4;
					};
				};
			};
			buildConfigurationList = 7D149CB31D8D74090061AFB4 /* Build configuration list for PBXProject "果壳（高仿）" */;
			compatibilityVersion = "Xcode 3.2";
			developmentRegion = English;
			hasScannedForEncodings = 0;
			knownRegions = (
				en,
				Base,
			);
			mainGroup = 7D149CAF1D8D74090061AFB4;
			productRefGroup = 7D149CB91D8D74090061AFB4 /* Products */;
			projectDirPath = "";
			projectRoot = "";
			targets = (
				7D149CB71D8D74090061AFB4 /* 果壳（高仿） */,
				7D149CD01D8D740A0061AFB4 /* 果壳（高仿）Tests */,
				7D149CDB1D8D740A0061AFB4 /* 果壳（高仿）UITests */,
			);
		};
/* End PBXProject section */

/* Begin PBXResourcesBuildPhase section */
		7D149CB61D8D74090061AFB4 /* Resources */ = {
			isa = PBXResourcesBuildPhase;
			buildActionMask = 2147483647;
			files = (
				7D149CCB1D8D74090061AFB4 /* LaunchScreen.storyboard in Resources */,
				7D149CC81D8D74090061AFB4 /* Assets.xcassets in Resources */,
				7D149CC61D8D74090061AFB4 /* Main.storyboard in Resources */,
			);
			runOnlyForDeploymentPostprocessing = 0;
		};
		7D149CCF1D8D740A0061AFB4 /* Resources */ = {
			isa = PBXResourcesBuildPhase;
			buildActionMask = 2147483647;
			files = (
			);
			runOnlyForDeploymentPostprocessing = 0;
		};
		7D149CDA1D8D740A0061AFB4 /* Resources */ = {
			isa = PBXResourcesBuildPhase;
			buildActionMask = 2147483647;
			files = (
			);
			runOnlyForDeploymentPostprocessing = 0;
		};
/* End PBXResourcesBuildPhase section */

/* Begin PBXSourcesBuildPhase section */
		7D149CB41D8D74090061AFB4 /* Sources */ = {
			isa = PBXSourcesBuildPhase;
			buildActionMask = 2147483647;
			files = (
				7D149CC31D8D74090061AFB4 /* ViewController.m in Sources */,
				7D149CC01D8D74090061AFB4 /* AppDelegate.m in Sources */,
				7D149CBD1D8D74090061AFB4 /* main.m in Sources */,
			);
			runOnlyForDeploymentPostprocessing = 0;
		};
		7D149CCD1D8D740A0061AFB4 /* Sources */ = {
			isa = PBXSourcesBuildPhase;
			buildActionMask = 2147483647;
			files = (
				7D149CD61D8D740A0061AFB4 /* ______Tests.m in Sources */,
			);
			runOnlyForDeploymentPostprocessing = 0;
		};
		7D149CD81D8D740A0061AFB4 /* Sources */ = {
			isa = PBXSourcesBuildPhase;
			buildActionMask = 2147483647;
			files = (
				7D149CE11D8D740A0061AFB4 /* ______UITests.m in Sources */,
			);
			runOnlyForDeploymentPostprocessing = 0;
		};
/* End PBXSourcesBuildPhase section */

/* Begin PBXTargetDependency section */
		7D149CD31D8D740A0061AFB4 /* PBXTargetDependency */ = {
			isa = PBXTargetDependency;
			target = 7D149CB71D8D74090061AFB4 /* 果壳（高仿） */;
			targetProxy = 7D149CD21D8D740A0061AFB4 /* PBXContainerItemProxy */;
		};
		7D149CDE1D8D740A0061AFB4 /* PBXTargetDependency */ = {
			isa = PBXTargetDependency;
			target = 7D149CB71D8D74090061AFB4 /* 果壳（高仿） */;
			targetProxy = 7D149CDD1D8D740A0061AFB4 /* PBXContainerItemProxy */;
		};
/* End PBXTargetDependency section */

/* Begin PBXVariantGroup section */
		7D149CC41D8D74090061AFB4 /* Main.storyboard */ = {
			isa = PBXVariantGroup;
			children = (
				7D149CC51D8D74090061AFB4 /* Base */,
			);
			name = Main.storyboard;
			sourceTree = "<group>";
		};
		7D149CC91D8D74090061AFB4 /* LaunchScreen.storyboard */ = {
			isa = PBXVariantGroup;
			children = (
				7D149CCA1D8D74090061AFB4 /* Base */,
			);
			name = LaunchScreen.storyboard;
			sourceTree = "<group>";
		};
/* End PBXVariantGroup section */

/* Begin XCBuildConfiguration section */
		7D149CE31D8D740A0061AFB4 /* Debug */ = {
			isa = XCBuildConfiguration;
			buildSettings = {
				ALWAYS_SEARCH_USER_PATHS = NO;
				CLANG_ANALYZER_NONNULL = YES;
				CLANG_CXX_LANGUAGE_STANDARD = "gnu++0x";
				CLANG_CXX_LIBRARY = "libc++";
				CLANG_ENABLE_MODULES = YES;
				CLANG_ENABLE_OBJC_ARC = YES;
				CLANG_WARN_BOOL_CONVERSION = YES;
				CLANG_WARN_CONSTANT_CONVERSION = YES;
				CLANG_WARN_DIRECT_OBJC_ISA_USAGE = YES_ERROR;
				CLANG_WARN_DOCUMENTATION_COMMENTS = YES;
				CLANG_WARN_EMPTY_BODY = YES;
				CLANG_WARN_ENUM_CONVERSION = YES;
				CLANG_WARN_INFINITE_RECURSION = YES;
				CLANG_WARN_INT_CONVERSION = YES;
				CLANG_WARN_OBJC_ROOT_CLASS = YES_ERROR;
				CLANG_WARN_SUSPICIOUS_MOVES = YES;
				CLANG_WARN_UNREACHABLE_CODE = YES;
				CLANG_WARN__DUPLICATE_METHOD_MATCH = YES;
				"CODE_SIGN_IDENTITY[sdk=iphoneos*]" = "iPhone Developer";
				COPY_PHASE_STRIP = NO;
				DEBUG_INFORMATION_FORMAT = dwarf;
				ENABLE_STRICT_OBJC_MSGSEND = YES;
				ENABLE_TESTABILITY = YES;
				GCC_C_LANGUAGE_STANDARD = gnu99;
				GCC_DYNAMIC_NO_PIC = NO;
				GCC_NO_COMMON_BLOCKS = YES;
				GCC_OPTIMIZATION_LEVEL = 0;
				GCC_PREPROCESSOR_DEFINITIONS = (
					"DEBUG=1",
					"$(inherited)",
				);
				GCC_WARN_64_TO_32_BIT_CONVERSION = YES;
				GCC_WARN_ABOUT_RETURN_TYPE = YES_ERROR;
				GCC_WARN_UNDECLARED_SELECTOR = YES;
				GCC_WARN_UNINITIALIZED_AUTOS = YES_AGGRESSIVE;
				GCC_WARN_UNUSED_FUNCTION = YES;
				GCC_WARN_UNUSED_VARIABLE = YES;
				IPHONEOS_DEPLOYMENT_TARGET = 10.0;
				MTL_ENABLE_DEBUG_INFO = YES;
				ONLY_ACTIVE_ARCH = YES;
				SDKROOT = iphoneos;
				TARGETED_DEVICE_FAMILY = "1,2";
			};
			name = Debug;
		};
		7D149CE41D8D740A0061AFB4 /* Release */ = {
			isa = XCBuildConfiguration;
			buildSettings = {
				ALWAYS_SEARCH_USER_PATHS = NO;
				CLANG_ANALYZER_NONNULL = YES;
				CLANG_CXX_LANGUAGE_STANDARD = "gnu++0x";
				CLANG_CXX_LIBRARY = "libc++";
				CLANG_ENABLE_MODULES = YES;
				CLANG_ENABLE_OBJC_ARC = YES;
				CLANG_WARN_BOOL_CONVERSION = YES;
				CLANG_WARN_CONSTANT_CONVERSION = YES;
				CLANG_WARN_DIRECT_OBJC_ISA_USAGE = YES_ERROR;
				CLANG_WARN_DOCUMENTATION_COMMENTS = YES;
				CLANG_WARN_EMPTY_BODY = YES;
				CLANG_WARN_ENUM_CONVERSION = YES;
				CLANG_WARN_INFINITE_RECURSION = YES;
				CLANG_WARN_INT_CONVERSION = YES;
				CLANG_WARN_OBJC_ROOT_CLASS = YES_ERROR;
				CLANG_WARN_SUSPICIOUS_MOVES = YES;
				CLANG_WARN_UNREACHABLE_CODE = YES;
				CLANG_WARN__DUPLICATE_METHOD_MATCH = YES;
				"CODE_SIGN_IDENTITY[sdk=iphoneos*]" = "iPhone Developer";
				COPY_PHASE_STRIP = NO;
				DEBUG_INFORMATION_FORMAT = "dwarf-with-dsym";
				ENABLE_NS_ASSERTIONS = NO;
				ENABLE_STRICT_OBJC_MSGSEND = YES;
				GCC_C_LANGUAGE_STANDARD = gnu99;
				GCC_NO_COMMON_BLOCKS = YES;
				GCC_WARN_64_TO_32_BIT_CONVERSION = YES;
				GCC_WARN_ABOUT_RETURN_TYPE = YES_ERROR;
				GCC_WARN_UNDECLARED_SELECTOR = YES;
				GCC_WARN_UNINITIALIZED_AUTOS = YES_AGGRESSIVE;
				GCC_WARN_UNUSED_FUNCTION = YES;
				GCC_WARN_UNUSED_VARIABLE = YES;
				IPHONEOS_DEPLOYMENT_TARGET = 10.0;
				MTL_ENABLE_DEBUG_INFO = NO;
				SDKROOT = iphoneos;
				TARGETED_DEVICE_FAMILY = "1,2";
				VALIDATE_PRODUCT = YES;
			};
			name = Release;
		};
		7D149CE61D8D740A0061AFB4 /* Debug */ = {
			isa = XCBuildConfiguration;
			buildSettings = {
				ASSETCATALOG_COMPILER_APPICON_NAME = AppIcon;
				INFOPLIST_FILE = "果壳（高仿）/Info.plist";
				LD_RUNPATH_SEARCH_PATHS = "$(inherited) @executable_path/Frameworks";
				PRODUCT_BUNDLE_IDENTIFIER = "---.------";
				PRODUCT_NAME = "$(TARGET_NAME)";
			};
			name = Debug;
		};
		7D149CE71D8D740A0061AFB4 /* Release */ = {
			isa = XCBuildConfiguration;
			buildSettings = {
				ASSETCATALOG_COMPILER_APPICON_NAME = AppIcon;
				INFOPLIST_FILE = "果壳（高仿）/Info.plist";
				LD_RUNPATH_SEARCH_PATHS = "$(inherited) @executable_path/Frameworks";
				PRODUCT_BUNDLE_IDENTIFIER = "---.------";
				PRODUCT_NAME = "$(TARGET_NAME)";
			};
			name = Release;
		};
		7D149CE91D8D740A0061AFB4 /* Debug */ = {
			isa = XCBuildConfiguration;
			buildSettings = {
				BUNDLE_LOADER = "$(TEST_HOST)";
				INFOPLIST_FILE = "果壳（高仿）Tests/Info.plist";
				LD_RUNPATH_SEARCH_PATHS = "$(inherited) @executable_path/Frameworks @loader_path/Frameworks";
				PRODUCT_BUNDLE_IDENTIFIER = "---.------Tests";
				PRODUCT_NAME = "$(TARGET_NAME)";
				TEST_HOST = "$(BUILT_PRODUCTS_DIR)/果壳（高仿）.app/果壳（高仿）";
			};
			name = Debug;
		};
		7D149CEA1D8D740A0061AFB4 /* Release */ = {
			isa = XCBuildConfiguration;
			buildSettings = {
				BUNDLE_LOADER = "$(TEST_HOST)";
				INFOPLIST_FILE = "果壳（高仿）Tests/Info.plist";
				LD_RUNPATH_SEARCH_PATHS = "$(inherited) @executable_path/Frameworks @loader_path/Frameworks";
				PRODUCT_BUNDLE_IDENTIFIER = "---.------Tests";
				PRODUCT_NAME = "$(TARGET_NAME)";
				TEST_HOST = "$(BUILT_PRODUCTS_DIR)/果壳（高仿）.app/果壳（高仿）";
			};
			name = Release;
		};
		7D149CEC1D8D740A0061AFB4 /* Debug */ = {
			isa = XCBuildConfiguration;
			buildSettings = {
				INFOPLIST_FILE = "果壳（高仿）UITests/Info.plist";
				LD_RUNPATH_SEARCH_PATHS = "$(inherited) @executable_path/Frameworks @loader_path/Frameworks";
				PRODUCT_BUNDLE_IDENTIFIER = "---.------UITests";
				PRODUCT_NAME = "$(TARGET_NAME)";
				TEST_TARGET_NAME = "果壳（高仿）";
			};
			name = Debug;
		};
		7D149CED1D8D740A0061AFB4 /* Release */ = {
			isa = XCBuildConfiguration;
			buildSettings = {
				INFOPLIST_FILE = "果壳（高仿）UITests/Info.plist";
				LD_RUNPATH_SEARCH_PATHS = "$(inherited) @executable_path/Frameworks @loader_path/Frameworks";
				PRODUCT_BUNDLE_IDENTIFIER = "---.------UITests";
				PRODUCT_NAME = "$(TARGET_NAME)";
				TEST_TARGET_NAME = "果壳（高仿）";
			};
			name = Release;
		};
/* End XCBuildConfiguration section */

/* Begin XCConfigurationList section */
		7D149CB31D8D74090061AFB4 /* Build configuration list for PBXProject "果壳（高仿）" */ = {
			isa = XCConfigurationList;
			buildConfigurations = (
				7D149CE31D8D740A0061AFB4 /* Debug */,
				7D149CE41D8D740A0061AFB4 /* Release */,
			);
			defaultConfigurationIsVisible = 0;
			defaultConfigurationName = Release;
		};
		7D149CE51D8D740A0061AFB4 /* Build configuration list for PBXNativeTarget "果壳（高仿）" */ = {
			isa = XCConfigurationList;
			buildConfigurations = (
				7D149CE61D8D740A0061AFB4 /* Debug */,
				7D149CE71D8D740A0061AFB4 /* Release */,
			);
			defaultConfigurationIsVisible = 0;
		};
		7D149CE81D8D740A0061AFB4 /* Build configuration list for PBXNativeTarget "果壳（高仿）Tests" */ = {
			isa = XCConfigurationList;
			buildConfigurations = (
				7D149CE91D8D740A0061AFB4 /* Debug */,
				7D149CEA1D8D740A0061AFB4 /* Release */,
			);
			defaultConfigurationIsVisible = 0;
		};
		7D149CEB1D8D740A0061AFB4 /* Build configuration list for PBXNativeTarget "果壳（高仿）UITests" */ = {
			isa = XCConfigurationList;
			buildConfigurations = (
				7D149CEC1D8D740A0061AFB4 /* Debug */,
				7D149CED1D8D740A0061AFB4 /* Release */,
			);
			defaultConfigurationIsVisible = 0;
		};
/* End XCConfigurationList section */
	};
	rootObject = 7D149CB01D8D74090061AFB4 /* Project object */;
}
